
Microsoft Visual Studio Solution File, Format Version 12.00
# Visual Studio Version 16
VisualStudioVersion = 16.0.31424.327
MinimumVisualStudioVersion = 10.0.40219.1
Project("{FAE04EC0-301F-11D3-BF4B-00C04F79EFBC}") = "MyCourseWork", "MyCourseWork\MyCourseWork.csproj", "{305214FA-302D-4EA4-82C9-BDD7352E3B65}"
EndProject
Project("{FAE04EC0-301F-11D3-BF4B-00C04F79EFBC}") = "Shapes", "Shapes\Shapes.csproj", "{B9A34A82-7B5D-4D95-9F9D-FE4F3511952F}"
EndProject
Global
	GlobalSection(SolutionConfigurationPlatforms) = preSolution
		Debug|Any CPU = Debug|Any CPU
		Release|Any CPU = Release|Any CPU
	EndGlobalSection
	GlobalSection(ProjectConfigurationPlatforms) = postSolution
		{305214FA-302D-4EA4-82C9-BDD7352E3B65}.Debug|Any CPU.ActiveCfg = Debug|Any CPU
		{305214FA-302D-4EA4-82C9-BDD7352E3B65}.Debug|Any CPU.Build.0 = Debug|Any CPU
		{305214FA-302D-4EA4-82C9-BDD7352E3B65}.Release|Any CPU.ActiveCfg = Release|Any CPU
		{305214FA-302D-4EA4-82C9-BDD7352E3B65}.Release|Any CPU.Build.0 = Release|Any CPU
		{B9A34A82-7B5D-4D95-9F9D-FE4F3511952F}.Debug|Any CPU.ActiveCfg = Debug|Any CPU
		{B9A34A82-7B5D-4D95-9F9D-FE4F3511952F}.Debug|Any CPU.Build.0 = Debug|Any CPU
		{B9A34A82-7B5D-4D95-9F9D-FE4F3511952F}.Release|Any CPU.ActiveCfg = Release|Any CPU
		{B9A34A82-7B5D-4D95-9F9D-FE4F3511952F}.Release|Any CPU.Build.0 = Release|Any CPU
	EndGlobalSection
	GlobalSection(SolutionProperties) = preSolution
		HideSolutionNode = FALSE
	EndGlobalSection
	GlobalSection(ExtensibilityGlobals) = postSolution
		SolutionGuid = {26F154F1-CAFB-47D0-83C0-2B866522109D}
	EndGlobalSection
EndGlobal
